
Microsoft Visual Studio Solution File, Format Version 12.00
# Visual Studio 2013
VisualStudioVersion = 12.0.31101.0
MinimumVisualStudioVersion = 10.0.40219.1
Project("{2150E333-8FDC-42A3-9474-1A3956D46DE8}") = ".nuget", ".nuget", "{9507BF54-C5F1-4314-BD6F-462F2CD503EC}"
	ProjectSection(SolutionItems) = preProject
		.nuget\NuGet.Config = .nuget\NuGet.Config
		.nuget\NuGet.exe = .nuget\NuGet.exe
		.nuget\NuGet.targets = .nuget\NuGet.targets
	EndProjectSection
EndProject
Project("{2150E333-8FDC-42A3-9474-1A3956D46DE8}") = "Solution Items", "Solution Items", "{AD36E669-B965-4D46-B1C3-28FDDB983EE5}"
	ProjectSection(SolutionItems) = preProject
		archive-release.bat = archive-release.bat
		LICENSE = LICENSE
		NOTICE = NOTICE
	EndProjectSection
EndProject
Project("{FAE04EC0-301F-11D3-BF4B-00C04F79EFBC}") = "Ior.Forms.PropertyGridEx", "Ior.Forms.PropertyGridEx\Ior.Forms.PropertyGridEx.csproj", "{B0BB47F2-21C4-41FC-B6E6-40757ADFC4A1}"
EndProject
Project("{FAE04EC0-301F-11D3-BF4B-00C04F79EFBC}") = "Ior", "Ior\Ior.csproj", "{B859DACC-2D94-46FC-973C-17EF37A5F64F}"
EndProject
Project("{FAE04EC0-301F-11D3-BF4B-00C04F79EFBC}") = "Utils", "Utils\Utils.csproj", "{937C9CDB-4994-41F8-9219-50A63E6248A6}"
EndProject
Project("{FAE04EC0-301F-11D3-BF4B-00C04F79EFBC}") = "Tests.IorTests", "Tests.IorTests\Tests.IorTests.csproj", "{E18906ED-D117-49FF-A592-D724F5FDCB48}"
EndProject
Project("{FAE04EC0-301F-11D3-BF4B-00C04F79EFBC}") = "Ior.Core", "Ior.Core\Ior.Core.csproj", "{F5B4A759-5223-4D4C-8F42-A0906B375C81}"
EndProject
Global
	GlobalSection(SolutionConfigurationPlatforms) = preSolution
		Debug|Any CPU = Debug|Any CPU
		Debug|Mixed Platforms = Debug|Mixed Platforms
		Debug|x86 = Debug|x86
		Release|Any CPU = Release|Any CPU
		Release|Mixed Platforms = Release|Mixed Platforms
		Release|x86 = Release|x86
	EndGlobalSection
	GlobalSection(ProjectConfigurationPlatforms) = postSolution
		{B0BB47F2-21C4-41FC-B6E6-40757ADFC4A1}.Debug|Any CPU.ActiveCfg = Debug|Any CPU
		{B0BB47F2-21C4-41FC-B6E6-40757ADFC4A1}.Debug|Any CPU.Build.0 = Debug|Any CPU
		{B0BB47F2-21C4-41FC-B6E6-40757ADFC4A1}.Debug|Mixed Platforms.ActiveCfg = Debug|Any CPU
		{B0BB47F2-21C4-41FC-B6E6-40757ADFC4A1}.Debug|Mixed Platforms.Build.0 = Debug|Any CPU
		{B0BB47F2-21C4-41FC-B6E6-40757ADFC4A1}.Debug|x86.ActiveCfg = Debug|Any CPU
		{B0BB47F2-21C4-41FC-B6E6-40757ADFC4A1}.Release|Any CPU.ActiveCfg = Release|Any CPU
		{B0BB47F2-21C4-41FC-B6E6-40757ADFC4A1}.Release|Any CPU.Build.0 = Release|Any CPU
		{B0BB47F2-21C4-41FC-B6E6-40757ADFC4A1}.Release|Mixed Platforms.ActiveCfg = Release|Any CPU
		{B0BB47F2-21C4-41FC-B6E6-40757ADFC4A1}.Release|Mixed Platforms.Build.0 = Release|Any CPU
		{B0BB47F2-21C4-41FC-B6E6-40757ADFC4A1}.Release|x86.ActiveCfg = Release|Any CPU
		{B859DACC-2D94-46FC-973C-17EF37A5F64F}.Debug|Any CPU.ActiveCfg = Debug|x86
		{B859DACC-2D94-46FC-973C-17EF37A5F64F}.Debug|Mixed Platforms.ActiveCfg = Debug|x86
		{B859DACC-2D94-46FC-973C-17EF37A5F64F}.Debug|Mixed Platforms.Build.0 = Debug|x86
		{B859DACC-2D94-46FC-973C-17EF37A5F64F}.Debug|x86.ActiveCfg = Debug|x86
		{B859DACC-2D94-46FC-973C-17EF37A5F64F}.Debug|x86.Build.0 = Debug|x86
		{B859DACC-2D94-46FC-973C-17EF37A5F64F}.Release|Any CPU.ActiveCfg = Release|x86
		{B859DACC-2D94-46FC-973C-17EF37A5F64F}.Release|Mixed Platforms.ActiveCfg = Release|x86
		{B859DACC-2D94-46FC-973C-17EF37A5F64F}.Release|Mixed Platforms.Build.0 = Release|x86
		{B859DACC-2D94-46FC-973C-17EF37A5F64F}.Release|x86.ActiveCfg = Release|x86
		{B859DACC-2D94-46FC-973C-17EF37A5F64F}.Release|x86.Build.0 = Release|x86
		{937C9CDB-4994-41F8-9219-50A63E6248A6}.Debug|Any CPU.ActiveCfg = Debug|Any CPU
		{937C9CDB-4994-41F8-9219-50A63E6248A6}.Debug|Any CPU.Build.0 = Debug|Any CPU
		{937C9CDB-4994-41F8-9219-50A63E6248A6}.Debug|Mixed Platforms.ActiveCfg = Debug|Any CPU
		{937C9CDB-4994-41F8-9219-50A63E6248A6}.Debug|Mixed Platforms.Build.0 = Debug|Any CPU
		{937C9CDB-4994-41F8-9219-50A63E6248A6}.Debug|x86.ActiveCfg = Debug|Any CPU
		{937C9CDB-4994-41F8-9219-50A63E6248A6}.Release|Any CPU.ActiveCfg = Release|Any CPU
		{937C9CDB-4994-41F8-9219-50A63E6248A6}.Release|Any CPU.Build.0 = Release|Any CPU
		{937C9CDB-4994-41F8-9219-50A63E6248A6}.Release|Mixed Platforms.ActiveCfg = Release|Any CPU
		{937C9CDB-4994-41F8-9219-50A63E6248A6}.Release|Mixed Platforms.Build.0 = Release|Any CPU
		{937C9CDB-4994-41F8-9219-50A63E6248A6}.Release|x86.ActiveCfg = Release|Any CPU
		{E18906ED-D117-49FF-A592-D724F5FDCB48}.Debug|Any CPU.ActiveCfg = Debug|Any CPU
		{E18906ED-D117-49FF-A592-D724F5FDCB48}.Debug|Any CPU.Build.0 = Debug|Any CPU
		{E18906ED-D117-49FF-A592-D724F5FDCB48}.Debug|Mixed Platforms.ActiveCfg = Debug|x86
		{E18906ED-D117-49FF-A592-D724F5FDCB48}.Debug|Mixed Platforms.Build.0 = Debug|x86
		{E18906ED-D117-49FF-A592-D724F5FDCB48}.Debug|x86.ActiveCfg = Debug|Any CPU
		{E18906ED-D117-49FF-A592-D724F5FDCB48}.Release|Any CPU.ActiveCfg = Release|Any CPU
		{E18906ED-D117-49FF-A592-D724F5FDCB48}.Release|Any CPU.Build.0 = Release|Any CPU
		{E18906ED-D117-49FF-A592-D724F5FDCB48}.Release|Mixed Platforms.ActiveCfg = Release|x86
		{E18906ED-D117-49FF-A592-D724F5FDCB48}.Release|Mixed Platforms.Build.0 = Release|x86
		{E18906ED-D117-49FF-A592-D724F5FDCB48}.Release|x86.ActiveCfg = Release|Any CPU
		{F5B4A759-5223-4D4C-8F42-A0906B375C81}.Debug|Any CPU.ActiveCfg = Debug|Any CPU
		{F5B4A759-5223-4D4C-8F42-A0906B375C81}.Debug|Any CPU.Build.0 = Debug|Any CPU
		{F5B4A759-5223-4D4C-8F42-A0906B375C81}.Debug|Mixed Platforms.ActiveCfg = Debug|Any CPU
		{F5B4A759-5223-4D4C-8F42-A0906B375C81}.Debug|Mixed Platforms.Build.0 = Debug|Any CPU
		{F5B4A759-5223-4D4C-8F42-A0906B375C81}.Debug|x86.ActiveCfg = Debug|Any CPU
		{F5B4A759-5223-4D4C-8F42-A0906B375C81}.Release|Any CPU.ActiveCfg = Release|Any CPU
		{F5B4A759-5223-4D4C-8F42-A0906B375C81}.Release|Any CPU.Build.0 = Release|Any CPU
		{F5B4A759-5223-4D4C-8F42-A0906B375C81}.Release|Mixed Platforms.ActiveCfg = Release|Any CPU
		{F5B4A759-5223-4D4C-8F42-A0906B375C81}.Release|Mixed Platforms.Build.0 = Release|Any CPU
		{F5B4A759-5223-4D4C-8F42-A0906B375C81}.Release|x86.ActiveCfg = Release|Any CPU
	EndGlobalSection
	GlobalSection(SolutionProperties) = preSolution
		HideSolutionNode = FALSE
	EndGlobalSection
EndGlobal
